
Microsoft Visual Studio Solution File, Format Version 11.00
# Visual Studio 2010
Project("{FAE04EC0-301F-11D3-BF4B-00C04F79EFBC}") = "VOTSDR.Web", "VOTSDR.Web\VOTSDR.Web.csproj", "{FC8AEFDC-6AF9-478B-9369-66AB5B0E01D1}"
EndProject
Project("{FAE04EC0-301F-11D3-BF4B-00C04F79EFBC}") = "VOTSDR.Data", "VOTSDR.Data\VOTSDR.Data.csproj", "{20BCE8E0-1583-406D-886D-D41669D01C06}"
EndProject
Global
	GlobalSection(SolutionConfigurationPlatforms) = preSolution
		Debug|Any CPU = Debug|Any CPU
		Release|Any CPU = Release|Any CPU
	EndGlobalSection
	GlobalSection(ProjectConfigurationPlatforms) = postSolution
		{FC8AEFDC-6AF9-478B-9369-66AB5B0E01D1}.Debug|Any CPU.ActiveCfg = Debug|Any CPU
		{FC8AEFDC-6AF9-478B-9369-66AB5B0E01D1}.Debug|Any CPU.Build.0 = Debug|Any CPU
		{FC8AEFDC-6AF9-478B-9369-66AB5B0E01D1}.Release|Any CPU.ActiveCfg = Release|Any CPU
		{FC8AEFDC-6AF9-478B-9369-66AB5B0E01D1}.Release|Any CPU.Build.0 = Release|Any CPU
		{20BCE8E0-1583-406D-886D-D41669D01C06}.Debug|Any CPU.ActiveCfg = Debug|Any CPU
		{20BCE8E0-1583-406D-886D-D41669D01C06}.Debug|Any CPU.Build.0 = Debug|Any CPU
		{20BCE8E0-1583-406D-886D-D41669D01C06}.Release|Any CPU.ActiveCfg = Release|Any CPU
		{20BCE8E0-1583-406D-886D-D41669D01C06}.Release|Any CPU.Build.0 = Release|Any CPU
	EndGlobalSection
	GlobalSection(SolutionProperties) = preSolution
		HideSolutionNode = FALSE
	EndGlobalSection
EndGlobal
